
Microsoft Visual Studio Solution File, Format Version 12.00
# Visual Studio Version 17
VisualStudioVersion = 17.5.002.0
MinimumVisualStudioVersion = 10.0.40219.1
Project("{2150E333-8FDC-42A3-9474-1A3956D46DE8}") = "sandbox", "sandbox", "{96A16A50-04E0-427C-B222-2FE841A163C8}"
EndProject
Project("{9A19103F-16F7-4668-BE54-9A1E7A4F7556}") = "sandbox_project", "sandbox\sandbox_project\sandbox_project.csproj", "{91904E41-0AB4-447C-B47F-607BA2157E03}"
EndProject
Project("{2150E333-8FDC-42A3-9474-1A3956D46DE8}") = "week01", "week01", "{D8886AF9-9D58-4E4F-A495-9DA3AC276695}"
EndProject
Project("{9A19103F-16F7-4668-BE54-9A1E7A4F7556}") = "analyze", "week01\analyze\analyze.csproj", "{C219781D-0B8C-44D2-836B-13BC2BEE2914}"
EndProject
Project("{9A19103F-16F7-4668-BE54-9A1E7A4F7556}") = "code", "week01\code\code.csproj", "{E5C2AE4A-4D8E-4853-AD6E-F9AC4951B2F9}"
EndProject
Project("{9A19103F-16F7-4668-BE54-9A1E7A4F7556}") = "teach", "week01\teach\teach.csproj", "{10A98D75-602F-4A9C-B324-575A540F6742}"
EndProject
Project("{2150E333-8FDC-42A3-9474-1A3956D46DE8}") = "week02", "week02", "{DA78BC02-86BD-493C-A810-FC6BB4850147}"
EndProject
Project("{9A19103F-16F7-4668-BE54-9A1E7A4F7556}") = "analyze", "week02\analyze\analyze.csproj", "{EBBE3799-8C14-4174-837E-14143FC1731A}"
EndProject
Project("{9A19103F-16F7-4668-BE54-9A1E7A4F7556}") = "code", "week02\code\code.csproj", "{F36A4187-06EF-43AE-B2A8-57573D5680A4}"
EndProject
Project("{9A19103F-16F7-4668-BE54-9A1E7A4F7556}") = "learn", "week02\learn\learn.csproj", "{51FE20F6-8D8D-4A1C-89FB-7DDAA1DCBF6C}"
EndProject
Project("{9A19103F-16F7-4668-BE54-9A1E7A4F7556}") = "teach", "week02\teach\teach.csproj", "{DBFCB17B-8795-4112-A4BB-BB22A2D6F473}"
EndProject
Project("{2150E333-8FDC-42A3-9474-1A3956D46DE8}") = "week03", "week03", "{B6BF50E7-BFFD-4950-AF66-015CBAC7BB3B}"
EndProject
Project("{9A19103F-16F7-4668-BE54-9A1E7A4F7556}") = "code", "week03\code\code.csproj", "{E7CDEF46-E2FE-4162-AC3C-80FE9868A51C}"
EndProject
Project("{9A19103F-16F7-4668-BE54-9A1E7A4F7556}") = "learn", "week03\learn\learn.csproj", "{4CC1D929-CC9F-47C6-8DDB-2680F7AAE868}"
EndProject
Project("{9A19103F-16F7-4668-BE54-9A1E7A4F7556}") = "teach", "week03\teach\teach.csproj", "{1D509415-A28B-4AD2-A134-F22D53F2D8C1}"
EndProject
Project("{2150E333-8FDC-42A3-9474-1A3956D46DE8}") = "week04", "week04", "{9D7AB7F8-2D0D-40A9-9624-8BFC0CF44C2A}"
EndProject
Project("{9A19103F-16F7-4668-BE54-9A1E7A4F7556}") = "code", "week04\code\code.csproj", "{CA13DC79-7B1E-4889-BFC9-5A15D6E643BD}"
EndProject
Project("{2150E333-8FDC-42A3-9474-1A3956D46DE8}") = "week05", "week05", "{6B90B230-0889-4328-B329-731CB156824C}"
EndProject
Project("{9A19103F-16F7-4668-BE54-9A1E7A4F7556}") = "code", "week05\code\code.csproj", "{79FA7F22-AE70-4262-8D28-619C39760F39}"
EndProject
Project("{2150E333-8FDC-42A3-9474-1A3956D46DE8}") = "week06", "week06", "{E033AD8C-E8C4-4BB3-814B-9FFADF663852}"
EndProject
Project("{9A19103F-16F7-4668-BE54-9A1E7A4F7556}") = "code", "week06\code\code.csproj", "{C08F3400-FA3B-49AC-948B-A8D843141DFA}"
EndProject
Global
	GlobalSection(SolutionConfigurationPlatforms) = preSolution
		Debug|Any CPU = Debug|Any CPU
		Release|Any CPU = Release|Any CPU
	EndGlobalSection
	GlobalSection(ProjectConfigurationPlatforms) = postSolution
		{91904E41-0AB4-447C-B47F-607BA2157E03}.Debug|Any CPU.ActiveCfg = Debug|Any CPU
		{91904E41-0AB4-447C-B47F-607BA2157E03}.Debug|Any CPU.Build.0 = Debug|Any CPU
		{91904E41-0AB4-447C-B47F-607BA2157E03}.Release|Any CPU.ActiveCfg = Release|Any CPU
		{91904E41-0AB4-447C-B47F-607BA2157E03}.Release|Any CPU.Build.0 = Release|Any CPU
		{C219781D-0B8C-44D2-836B-13BC2BEE2914}.Debug|Any CPU.ActiveCfg = Debug|Any CPU
		{C219781D-0B8C-44D2-836B-13BC2BEE2914}.Debug|Any CPU.Build.0 = Debug|Any CPU
		{C219781D-0B8C-44D2-836B-13BC2BEE2914}.Release|Any CPU.ActiveCfg = Release|Any CPU
		{C219781D-0B8C-44D2-836B-13BC2BEE2914}.Release|Any CPU.Build.0 = Release|Any CPU
		{E5C2AE4A-4D8E-4853-AD6E-F9AC4951B2F9}.Debug|Any CPU.ActiveCfg = Debug|Any CPU
		{E5C2AE4A-4D8E-4853-AD6E-F9AC4951B2F9}.Debug|Any CPU.Build.0 = Debug|Any CPU
		{E5C2AE4A-4D8E-4853-AD6E-F9AC4951B2F9}.Release|Any CPU.ActiveCfg = Release|Any CPU
		{E5C2AE4A-4D8E-4853-AD6E-F9AC4951B2F9}.Release|Any CPU.Build.0 = Release|Any CPU
		{10A98D75-602F-4A9C-B324-575A540F6742}.Debug|Any CPU.ActiveCfg = Debug|Any CPU
		{10A98D75-602F-4A9C-B324-575A540F6742}.Debug|Any CPU.Build.0 = Debug|Any CPU
		{10A98D75-602F-4A9C-B324-575A540F6742}.Release|Any CPU.ActiveCfg = Release|Any CPU
		{10A98D75-602F-4A9C-B324-575A540F6742}.Release|Any CPU.Build.0 = Release|Any CPU
		{EBBE3799-8C14-4174-837E-14143FC1731A}.Debug|Any CPU.ActiveCfg = Debug|Any CPU
		{EBBE3799-8C14-4174-837E-14143FC1731A}.Debug|Any CPU.Build.0 = Debug|Any CPU
		{EBBE3799-8C14-4174-837E-14143FC1731A}.Release|Any CPU.ActiveCfg = Release|Any CPU
		{EBBE3799-8C14-4174-837E-14143FC1731A}.Release|Any CPU.Build.0 = Release|Any CPU
		{F36A4187-06EF-43AE-B2A8-57573D5680A4}.Debug|Any CPU.ActiveCfg = Debug|Any CPU
		{F36A4187-06EF-43AE-B2A8-57573D5680A4}.Debug|Any CPU.Build.0 = Debug|Any CPU
		{F36A4187-06EF-43AE-B2A8-57573D5680A4}.Release|Any CPU.ActiveCfg = Release|Any CPU
		{F36A4187-06EF-43AE-B2A8-57573D5680A4}.Release|Any CPU.Build.0 = Release|Any CPU
		{51FE20F6-8D8D-4A1C-89FB-7DDAA1DCBF6C}.Debug|Any CPU.ActiveCfg = Debug|Any CPU
		{51FE20F6-8D8D-4A1C-89FB-7DDAA1DCBF6C}.Debug|Any CPU.Build.0 = Debug|Any CPU
		{51FE20F6-8D8D-4A1C-89FB-7DDAA1DCBF6C}.Release|Any CPU.ActiveCfg = Release|Any CPU
		{51FE20F6-8D8D-4A1C-89FB-7DDAA1DCBF6C}.Release|Any CPU.Build.0 = Release|Any CPU
		{DBFCB17B-8795-4112-A4BB-BB22A2D6F473}.Debug|Any CPU.ActiveCfg = Debug|Any CPU
		{DBFCB17B-8795-4112-A4BB-BB22A2D6F473}.Debug|Any CPU.Build.0 = Debug|Any CPU
		{DBFCB17B-8795-4112-A4BB-BB22A2D6F473}.Release|Any CPU.ActiveCfg = Release|Any CPU
		{DBFCB17B-8795-4112-A4BB-BB22A2D6F473}.Release|Any CPU.Build.0 = Release|Any CPU
		{E7CDEF46-E2FE-4162-AC3C-80FE9868A51C}.Debug|Any CPU.ActiveCfg = Debug|Any CPU
		{E7CDEF46-E2FE-4162-AC3C-80FE9868A51C}.Debug|Any CPU.Build.0 = Debug|Any CPU
		{E7CDEF46-E2FE-4162-AC3C-80FE9868A51C}.Release|Any CPU.ActiveCfg = Release|Any CPU
		{E7CDEF46-E2FE-4162-AC3C-80FE9868A51C}.Release|Any CPU.Build.0 = Release|Any CPU
		{4CC1D929-CC9F-47C6-8DDB-2680F7AAE868}.Debug|Any CPU.ActiveCfg = Debug|Any CPU
		{4CC1D929-CC9F-47C6-8DDB-2680F7AAE868}.Debug|Any CPU.Build.0 = Debug|Any CPU
		{4CC1D929-CC9F-47C6-8DDB-2680F7AAE868}.Release|Any CPU.ActiveCfg = Release|Any CPU
		{4CC1D929-CC9F-47C6-8DDB-2680F7AAE868}.Release|Any CPU.Build.0 = Release|Any CPU
		{1D509415-A28B-4AD2-A134-F22D53F2D8C1}.Debug|Any CPU.ActiveCfg = Debug|Any CPU
		{1D509415-A28B-4AD2-A134-F22D53F2D8C1}.Debug|Any CPU.Build.0 = Debug|Any CPU
		{1D509415-A28B-4AD2-A134-F22D53F2D8C1}.Release|Any CPU.ActiveCfg = Release|Any CPU
		{1D509415-A28B-4AD2-A134-F22D53F2D8C1}.Release|Any CPU.Build.0 = Release|Any CPU
		{CA13DC79-7B1E-4889-BFC9-5A15D6E643BD}.Debug|Any CPU.ActiveCfg = Debug|Any CPU
		{CA13DC79-7B1E-4889-BFC9-5A15D6E643BD}.Debug|Any CPU.Build.0 = Debug|Any CPU
		{CA13DC79-7B1E-4889-BFC9-5A15D6E643BD}.Release|Any CPU.ActiveCfg = Release|Any CPU
		{CA13DC79-7B1E-4889-BFC9-5A15D6E643BD}.Release|Any CPU.Build.0 = Release|Any CPU
		{79FA7F22-AE70-4262-8D28-619C39760F39}.Debug|Any CPU.ActiveCfg = Debug|Any CPU
		{79FA7F22-AE70-4262-8D28-619C39760F39}.Debug|Any CPU.Build.0 = Debug|Any CPU
		{79FA7F22-AE70-4262-8D28-619C39760F39}.Release|Any CPU.ActiveCfg = Release|Any CPU
		{79FA7F22-AE70-4262-8D28-619C39760F39}.Release|Any CPU.Build.0 = Release|Any CPU
		{C08F3400-FA3B-49AC-948B-A8D843141DFA}.Debug|Any CPU.ActiveCfg = Debug|Any CPU
		{C08F3400-FA3B-49AC-948B-A8D843141DFA}.Debug|Any CPU.Build.0 = Debug|Any CPU
		{C08F3400-FA3B-49AC-948B-A8D843141DFA}.Release|Any CPU.ActiveCfg = Release|Any CPU
		{C08F3400-FA3B-49AC-948B-A8D843141DFA}.Release|Any CPU.Build.0 = Release|Any CPU
	EndGlobalSection
	GlobalSection(SolutionProperties) = preSolution
		HideSolutionNode = FALSE
	EndGlobalSection
	GlobalSection(NestedProjects) = preSolution
		{91904E41-0AB4-447C-B47F-607BA2157E03} = {96A16A50-04E0-427C-B222-2FE841A163C8}
		{C219781D-0B8C-44D2-836B-13BC2BEE2914} = {D8886AF9-9D58-4E4F-A495-9DA3AC276695}
		{E5C2AE4A-4D8E-4853-AD6E-F9AC4951B2F9} = {D8886AF9-9D58-4E4F-A495-9DA3AC276695}
		{10A98D75-602F-4A9C-B324-575A540F6742} = {D8886AF9-9D58-4E4F-A495-9DA3AC276695}
		{EBBE3799-8C14-4174-837E-14143FC1731A} = {DA78BC02-86BD-493C-A810-FC6BB4850147}
		{F36A4187-06EF-43AE-B2A8-57573D5680A4} = {DA78BC02-86BD-493C-A810-FC6BB4850147}
		{51FE20F6-8D8D-4A1C-89FB-7DDAA1DCBF6C} = {DA78BC02-86BD-493C-A810-FC6BB4850147}
		{DBFCB17B-8795-4112-A4BB-BB22A2D6F473} = {DA78BC02-86BD-493C-A810-FC6BB4850147}
		{E7CDEF46-E2FE-4162-AC3C-80FE9868A51C} = {B6BF50E7-BFFD-4950-AF66-015CBAC7BB3B}
		{4CC1D929-CC9F-47C6-8DDB-2680F7AAE868} = {B6BF50E7-BFFD-4950-AF66-015CBAC7BB3B}
		{1D509415-A28B-4AD2-A134-F22D53F2D8C1} = {B6BF50E7-BFFD-4950-AF66-015CBAC7BB3B}
		{CA13DC79-7B1E-4889-BFC9-5A15D6E643BD} = {9D7AB7F8-2D0D-40A9-9624-8BFC0CF44C2A}
		{79FA7F22-AE70-4262-8D28-619C39760F39} = {6B90B230-0889-4328-B329-731CB156824C}
		{C08F3400-FA3B-49AC-948B-A8D843141DFA} = {E033AD8C-E8C4-4BB3-814B-9FFADF663852}
	EndGlobalSection
	GlobalSection(ExtensibilityGlobals) = postSolution
		SolutionGuid = {E507D3D4-9DCD-4D76-983E-5EA48E92D0F8}
	EndGlobalSection
EndGlobal
